lockfileVersion: '9.0'

settings:
  autoInstallPeers: true
  excludeLinksFromLockfile: false

importers:

  .:
    dependencies:
      abcjs:
        specifier: 6.7.1
        version: 6.7.1

packages:

  abcjs@6.7.1:
    resolution: {integrity: sha512-H9fnuhSSP3tbcJf4K3a/sgX8lM2M5cx8drlXEsPNrsRca/MGxhSb6HcT0ICFVoNW7Izx3kMHf7PExarC+5LUJw==}

snapshots:

  abcjs@6.7.1: {}
