lockfileVersion: '9.0'

settings:
  autoInstallPeers: true
  excludeLinksFromLockfile: false

importers:

  .:
    dependencies:
      wavesurfer.js:
        specifier: 7.12.1
        version: 7.12.1

packages:

  wavesurfer.js@7.12.1:
    resolution: {integrity: sha512-NswPjVHxk0Q1F/VMRemCPUzSojjuHHisQrBqQiRXg7MVbe3f5vQ6r0rTTXA/a/neC/4hnOEC4YpXca4LpH0SUg==}

snapshots:

  wavesurfer.js@7.12.1: {}
